hash: c0821d7a86064a86a9d00e5a0642fcc96ae57ad00d266db59676682c88c1418b
updated: 2016-12-21T21:12:00.159023291Z
imports:
- name: github.com/gizak/termui
  version: bfde399a8caee62789593f2cbbda70feee4d5553
- name: github.com/kolo/xmlrpc
  version: 0826b98aaa29c0766956cb40d45cf7482a597671
testImports: []
